
Microsoft Visual Studio Solution File, Format Version 12.00
# Visual Studio Version 17
VisualStudioVersion = 17.14.37710.0
MinimumVisualStudioVersion = 10.0.40219.1
Project("{FAE04EC0-301F-11D3-BF4B-00C04F79EFBC}") = "TestGuardian.Console", "TestGuardian.Console\TestGuardian.Console.csproj", "{DC8FECE3-8762-48F0-95AE-D84837D5656E}"
EndProject
Project("{FAE04EC0-301F-11D3-BF4B-00C04F79EFBC}") = "TestGuardian.Core", "TestGuardian.Core\TestGuardian.Core.csproj", "{2A7AD61B-9FA9-4325-88D3-BF324811ED91}"
EndProject
Project("{FAE04EC0-301F-11D3-BF4B-00C04F79EFBC}") = "TestGuardian.Core.Tests", "TestGuardian.Core.Tests\TestGuardian.Core.Tests.csproj", "{70512C48-719F-4E58-9DC7-CD6BB4771E44}"
EndProject
Project("{FAE04EC0-301F-11D3-BF4B-00C04F79EFBC}") = "TestGuardian.Console.Tests", "TestGuardian.Console.Tests\TestGuardian.Console.Tests.csproj", "{3D680184-0BBB-4E17-AC23-B15FC9D6A48C}"
EndProject
Global
	GlobalSection(SolutionConfigurationPlatforms) = preSolution
		Debug|Any CPU = Debug|Any CPU
		Debug|x64 = Debug|x64
		Debug|x86 = Debug|x86
		Release|Any CPU = Release|Any CPU
		Release|x64 = Release|x64
		Release|x86 = Release|x86
	EndGlobalSection
	GlobalSection(ProjectConfigurationPlatforms) = postSolution
		{DC8FECE3-8762-48F0-95AE-D84837D5656E}.Debug|Any CPU.ActiveCfg = Debug|Any CPU
		{DC8FECE3-8762-48F0-95AE-D84837D5656E}.Debug|Any CPU.Build.0 = Debug|Any CPU
		{DC8FECE3-8762-48F0-95AE-D84837D5656E}.Debug|x64.ActiveCfg = Debug|Any CPU
		{DC8FECE3-8762-48F0-95AE-D84837D5656E}.Debug|x64.Build.0 = Debug|Any CPU
		{DC8FECE3-8762-48F0-95AE-D84837D5656E}.Debug|x86.ActiveCfg = Debug|Any CPU
		{DC8FECE3-8762-48F0-95AE-D84837D5656E}.Debug|x86.Build.0 = Debug|Any CPU
		{DC8FECE3-8762-48F0-95AE-D84837D5656E}.Release|Any CPU.ActiveCfg = Release|Any CPU
		{DC8FECE3-8762-48F0-95AE-D84837D5656E}.Release|Any CPU.Build.0 = Release|Any CPU
		{DC8FECE3-8762-48F0-95AE-D84837D5656E}.Release|x64.ActiveCfg = Release|Any CPU
		{DC8FECE3-8762-48F0-95AE-D84837D5656E}.Release|x64.Build.0 = Release|Any CPU
		{DC8FECE3-8762-48F0-95AE-D84837D5656E}.Release|x86.ActiveCfg = Release|Any CPU
		{DC8FECE3-8762-48F0-95AE-D84837D5656E}.Release|x86.Build.0 = Release|Any CPU
		{2A7AD61B-9FA9-4325-88D3-BF324811ED91}.Debug|Any CPU.ActiveCfg = Debug|Any CPU
		{2A7AD61B-9FA9-4325-88D3-BF324811ED91}.Debug|Any CPU.Build.0 = Debug|Any CPU
		{2A7AD61B-9FA9-4325-88D3-BF324811ED91}.Debug|x64.ActiveCfg = Debug|Any CPU
		{2A7AD61B-9FA9-4325-88D3-BF324811ED91}.Debug|x64.Build.0 = Debug|Any CPU
		{2A7AD61B-9FA9-4325-88D3-BF324811ED91}.Debug|x86.ActiveCfg = Debug|Any CPU
		{2A7AD61B-9FA9-4325-88D3-BF324811ED91}.Debug|x86.Build.0 = Debug|Any CPU
		{2A7AD61B-9FA9-4325-88D3-BF324811ED91}.Release|Any CPU.ActiveCfg = Release|Any CPU
		{2A7AD61B-9FA9-4325-88D3-BF324811ED91}.Release|Any CPU.Build.0 = Release|Any CPU
		{2A7AD61B-9FA9-4325-88D3-BF324811ED91}.Release|x64.ActiveCfg = Release|Any CPU
		{2A7AD61B-9FA9-4325-88D3-BF324811ED91}.Release|x64.Build.0 = Release|Any CPU
		{2A7AD61B-9FA9-4325-88D3-BF324811ED91}.Release|x86.ActiveCfg = Release|Any CPU
		{2A7AD61B-9FA9-4325-88D3-BF324811ED91}.Release|x86.Build.0 = Release|Any CPU
		{70512C48-719F-4E58-9DC7-CD6BB4771E44}.Debug|Any CPU.ActiveCfg = Debug|Any CPU
		{70512C48-719F-4E58-9DC7-CD6BB4771E44}.Debug|Any CPU.Build.0 = Debug|Any CPU
		{70512C48-719F-4E58-9DC7-CD6BB4771E44}.Debug|x64.ActiveCfg = Debug|Any CPU
		{70512C48-719F-4E58-9DC7-CD6BB4771E44}.Debug|x64.Build.0 = Debug|Any CPU
		{70512C48-719F-4E58-9DC7-CD6BB4771E44}.Debug|x86.ActiveCfg = Debug|Any CPU
		{70512C48-719F-4E58-9DC7-CD6BB4771E44}.Debug|x86.Build.0 = Debug|Any CPU
		{70512C48-719F-4E58-9DC7-CD6BB4771E44}.Release|Any CPU.ActiveCfg = Release|Any CPU
		{70512C48-719F-4E58-9DC7-CD6BB4771E44}.Release|Any CPU.Build.0 = Release|Any CPU
		{70512C48-719F-4E58-9DC7-CD6BB4771E44}.Release|x64.ActiveCfg = Release|Any CPU
		{70512C48-719F-4E58-9DC7-CD6BB4771E44}.Release|x64.Build.0 = Release|Any CPU
		{70512C48-719F-4E58-9DC7-CD6BB4771E44}.Release|x86.ActiveCfg = Release|Any CPU
		{70512C48-719F-4E58-9DC7-CD6BB4771E44}.Release|x86.Build.0 = Release|Any CPU
		{3D680184-0BBB-4E17-AC23-B15FC9D6A48C}.Debug|Any CPU.ActiveCfg = Debug|Any CPU
		{3D680184-0BBB-4E17-AC23-B15FC9D6A48C}.Debug|Any CPU.Build.0 = Debug|Any CPU
		{3D680184-0BBB-4E17-AC23-B15FC9D6A48C}.Debug|x64.ActiveCfg = Debug|Any CPU
		{3D680184-0BBB-4E17-AC23-B15FC9D6A48C}.Debug|x64.Build.0 = Debug|Any CPU
		{3D680184-0BBB-4E17-AC23-B15FC9D6A48C}.Debug|x86.ActiveCfg = Debug|Any CPU
		{3D680184-0BBB-4E17-AC23-B15FC9D6A48C}.Debug|x86.Build.0 = Debug|Any CPU
		{3D680184-0BBB-4E17-AC23-B15FC9D6A48C}.Release|Any CPU.ActiveCfg = Release|Any CPU
		{3D680184-0BBB-4E17-AC23-B15FC9D6A48C}.Release|Any CPU.Build.0 = Release|Any CPU
		{3D680184-0BBB-4E17-AC23-B15FC9D6A48C}.Release|x64.ActiveCfg = Release|Any CPU
		{3D680184-0BBB-4E17-AC23-B15FC9D6A48C}.Release|x64.Build.0 = Release|Any CPU
		{3D680184-0BBB-4E17-AC23-B15FC9D6A48C}.Release|x86.ActiveCfg = Release|Any CPU
		{3D680184-0BBB-4E17-AC23-B15FC9D6A48C}.Release|x86.Build.0 = Release|Any CPU
	EndGlobalSection
	GlobalSection(SolutionProperties) = preSolution
		HideSolutionNode = FALSE
	EndGlobalSection
	GlobalSection(ExtensibilityGlobals) = postSolution
		SolutionGuid = {E3B706CA-799B-47C2-994B-3D932447AFB6}
	EndGlobalSection
EndGlobal
