
Microsoft Visual Studio Solution File, Format Version 12.00
# Visual Studio Version 17
VisualStudioVersion = 17.14.36121.58 d17.14
MinimumVisualStudioVersion = 10.0.40219.1
Project("{FAE04EC0-301F-11D3-BF4B-00C04F79EFBC}") = "TestGuardian", "TestGuardian.csproj", "{2D2D9205-89F3-4E62-A7BC-0C34BCCC0FB9}"
EndProject
Global
	GlobalSection(SolutionConfigurationPlatforms) = preSolution
		Debug|Any CPU = Debug|Any CPU
		Release|Any CPU = Release|Any CPU
	EndGlobalSection
	GlobalSection(ProjectConfigurationPlatforms) = postSolution
		{2D2D9205-89F3-4E62-A7BC-0C34BCCC0FB9}.Debug|Any CPU.ActiveCfg = Debug|Any CPU
		{2D2D9205-89F3-4E62-A7BC-0C34BCCC0FB9}.Debug|Any CPU.Build.0 = Debug|Any CPU
		{2D2D9205-89F3-4E62-A7BC-0C34BCCC0FB9}.Release|Any CPU.ActiveCfg = Release|Any CPU
		{2D2D9205-89F3-4E62-A7BC-0C34BCCC0FB9}.Release|Any CPU.Build.0 = Release|Any CPU
	EndGlobalSection
	GlobalSection(SolutionProperties) = preSolution
		HideSolutionNode = FALSE
	EndGlobalSection
	GlobalSection(ExtensibilityGlobals) = postSolution
		SolutionGuid = {34691217-BA66-4046-9EE8-2A08520D1DFC}
	EndGlobalSection
EndGlobal
